// !$*UTF8*$!
{
	archiveVersion = 1;
	classes = {
	};
	objectVersion = 71;
	objects = {

/* Begin PBXContainerItemProxy section */
		B34CB5FF2C61C134008CD5F1 /* PBXContainerItemProxy */ = {
			isa = PBXContainerItemProxy;
			containerPortal = B34CB5E32C61C133008CD5F1 /* Project object */;
			proxyType = 1;
			remoteGlobalIDString = B34CB5EA2C61C133008CD5F1;
			remoteInfo = MangApp;
		};
		B34CB6092C61C134008CD5F1 /* PBXContainerItemProxy */ = {
			isa = PBXContainerItemProxy;
			containerPortal = B34CB5E32C61C133008CD5F1 /* Project object */;
			proxyType = 1;
			remoteGlobalIDString = B34CB5EA2C61C133008CD5F1;
			remoteInfo = MangApp;
		};
/* End PBXContainerItemProxy section */

/* Begin PBXFileReference section */
		B34CB5EB2C61C133008CD5F1 /* MangApp.app */ = {isa = PBXFileReference; explicitFileType = wrapper.application; includeInIndex = 0; path = MangApp.app; sourceTree = BUILT_PRODUCTS_DIR; };
		B34CB5FE2C61C134008CD5F1 /* MangAppTests.xctest */ = {isa = PBXFileReference; explicitFileType = wrapper.cfbundle; includeInIndex = 0; path = MangAppTests.xctest; sourceTree = BUILT_PRODUCTS_DIR; };
		B34CB6082C61C134008CD5F1 /* MangAppUITests.xctest */ = {isa = PBXFileReference; explicitFileType = wrapper.cfbundle; includeInIndex = 0; path = MangAppUITests.xctest; sourceTree = BUILT_PRODUCTS_DIR; };
/* End PBXFileReference section */

/* Begin PBXFileSystemSynchronizedBuildFileExceptionSet section */
		B343C12B2C68855C00DD9BF0 /* PBXFileSystemSynchronizedBuildFileExceptionSet */ = {
			isa = PBXFileSystemSynchronizedBuildFileExceptionSet;
			membershipExceptions = (
				Authors/Models/AuthorsModel.swift,
				Authors/Views/AuthorsView.swift,
				"Authors/Views/Sub Views/AuthorProfilePlaceHolder.swift",
				Collection/Models/CollectionModel.swift,
				Collection/Models/CollectionViewType.swift,
				Collection/Models/MangaList.swift,
				Collection/Views/MangasCollectonView.swift,
				Collection/Views/OfflineInfoView.swift,
				Home/Models/DashboardModel.swift,
				Home/Views/AboutView.swift,
				Home/Views/DashboardView.swift,
				"Home/Views/Sub Views/SelectableItem.swift",
				"Home/Views/Sub Views/SubtitleRowView.swift",
				Item.swift,
				Login/Models/LoginModel.swift,
				Login/Models/SignupModel.swift,
				Login/Models/User.swift,
				Login/Views/InitialView.swift,
				Login/Views/LoginView.swift,
				Login/Views/SignUpView.swift,
				"Login/Views/Sub Views/ColoredRoundedButton.swift",
				"Login/Views/Sub Views/HalfScreenRoundedImage.swift",
				"Login/Views/Sub Views/ImageTextField.swift",
				"Login/Views/Sub Views/LoginBodyView.swift",
				"Login/Views/Sub Views/LoginButtonsView.swift",
				"Login/Views/Sub Views/LoginHeader.swift",
				"Login/Views/Sub Views/RoundedActionButton.swift",
				"Manga Detail/Models/EditMangaRequestBody.swift",
				"Manga Detail/Models/OwnManga.swift",
				"Manga Detail/Models/OwnMangaModel.swift",
				"Manga Detail/Utilities/MotionManager.swift",
				"Manga Detail/Views/EditMangaInfoView.swift",
				"Manga Detail/Views/MangaDetailView.swift",
				"Manga Detail/Views/Sub Views/MangaDetailsListView.swift",
				"Manga Detail/Views/Sub Views/MangaDetailTitlesView.swift",
				"Manga Detail/Views/Sub Views/MangaHorizontalScrollView.swift",
				"Manga Detail/Views/Sub Views/MangaItemView.swift",
				"Manga Detail/Views/Sub Views/ScoreView.swift",
				"Manga Detail/Views/Sub Views/SelectableItemsView.swift",
				"Manga Detail/Views/Sub Views/SelectedReadingVolumes.swift",
				"Manga Detail/Views/Sub Views/SelectedVolumesView.swift",
				MangApp.swift,
				Models/AlertType.swift,
				Models/Author.swift,
				Models/Demographic.swift,
				Models/Genre.swift,
				Models/KeychainManager.swift,
				Models/Manga.swift,
				Models/Network/APIConfig.swift,
				Models/Network/HTTPMethod.swift,
				Models/Network/LoginRequest.swift,
				Models/Network/NetworkExtensions.swift,
				Models/Network/NetworkInteractor.swift,
				Models/Theme.swift,
				"Preview Content/Preview Assets.xcassets",
				Search/Models/SearchModel.swift,
				Search/Models/SearchRequestBody.swift,
				Search/Models/SearchType.swift,
				Search/SubViews/FilterMenu.swift,
				Search/SubViews/SearchBar.swift,
				Search/SubViews/SearchPicker.swift,
				Search/SubViews/SubtitleSerachView.swift,
				Search/Views/SearchView.swift,
				Utilities/AppConfig.plist,
				Utilities/AppConfigExample.plist,
				"Utilities/Assets + Entitlements/Assets.xcassets",
				Utilities/Extensions.swift,
				"Utilities/General Views/ErrorView.swift",
				"Utilities/General Views/LoadingView/LoadingView.swift",
				"Utilities/General Views/LoadingView/RotatingCircles.swift",
				Utilities/Image/AsyncMangaImageView.swift,
				Utilities/Image/ImageExtensions.swift,
				Utilities/JSONS/Authors.json,
				Utilities/JSONS/Demographics.json,
				Utilities/JSONS/Genres.json,
				Utilities/JSONS/Mangas.json,
				Utilities/JSONS/Themes.json,
				Utilities/ViewModifiers.swift,
			);
			target = B34CB5EA2C61C133008CD5F1 /* MangApp */;
		};
/* End PBXFileSystemSynchronizedBuildFileExceptionSet section */

/* Begin PBXFileSystemSynchronizedRootGroup section */
		B343C1152C68855C00DD9BF0 /* MangApp */ = {isa = PBXFileSystemSynchronizedRootGroup; exceptions = (B343C12B2C68855C00DD9BF0 /* PBXFileSystemSynchronizedBuildFileExceptionSet */, ); explicitFileTypes = {}; explicitFolders = (); path = MangApp; sourceTree = "<group>"; };
		B34CB6012C61C134008CD5F1 /* MangAppTests */ = {isa = PBXFileSystemSynchronizedRootGroup; explicitFileTypes = {}; explicitFolders = (); path = MangAppTests; sourceTree = "<group>"; };
		B34CB60B2C61C134008CD5F1 /* MangAppUITests */ = {isa = PBXFileSystemSynchronizedRootGroup; explicitFileTypes = {}; explicitFolders = (); path = MangAppUITests; sourceTree = "<group>"; };
/* End PBXFileSystemSynchronizedRootGroup section */

/* Begin PBXFrameworksBuildPhase section */
		B34CB5E82C61C133008CD5F1 /* Frameworks */ = {
			isa = PBXFrameworksBuildPhase;
			buildActionMask = 2147483647;
			files = (
			);
			runOnlyForDeploymentPostprocessing = 0;
		};
		B34CB5FB2C61C134008CD5F1 /* Frameworks */ = {
			isa = PBXFrameworksBuildPhase;
			buildActionMask = 2147483647;
			files = (
			);
			runOnlyForDeploymentPostprocessing = 0;
		};
		B34CB6052C61C134008CD5F1 /* Frameworks */ = {
			isa = PBXFrameworksBuildPhase;
			buildActionMask = 2147483647;
			files = (
			);
			runOnlyForDeploymentPostprocessing = 0;
		};
/* End PBXFrameworksBuildPhase section */

/* Begin PBXGroup section */
		B34CB5E22C61C133008CD5F1 = {
			isa = PBXGroup;
			children = (
				B343C1152C68855C00DD9BF0 /* MangApp */,
				B34CB6012C61C134008CD5F1 /* MangAppTests */,
				B34CB60B2C61C134008CD5F1 /* MangAppUITests */,
				B34CB5EC2C61C133008CD5F1 /* Products */,
			);
			sourceTree = "<group>";
		};
		B34CB5EC2C61C133008CD5F1 /* Products */ = {
			isa = PBXGroup;
			children = (
				B34CB5EB2C61C133008CD5F1 /* MangApp.app */,
				B34CB5FE2C61C134008CD5F1 /* MangAppTests.xctest */,
				B34CB6082C61C134008CD5F1 /* MangAppUITests.xctest */,
			);
			name = Products;
			sourceTree = "<group>";
		};
/* End PBXGroup section */

/* Begin PBXNativeTarget section */
		B34CB5EA2C61C133008CD5F1 /* MangApp */ = {
			isa = PBXNativeTarget;
			buildConfigurationList = B34CB6122C61C134008CD5F1 /* Build configuration list for PBXNativeTarget "MangApp" */;
			buildPhases = (
				B34CB5E72C61C133008CD5F1 /* Sources */,
				B34CB5E82C61C133008CD5F1 /* Frameworks */,
				B34CB5E92C61C133008CD5F1 /* Resources */,
			);
			buildRules = (
			);
			dependencies = (
			);
			name = MangApp;
			packageProductDependencies = (
			);
			productName = MangApp;
			productReference = B34CB5EB2C61C133008CD5F1 /* MangApp.app */;
			productType = "com.apple.product-type.application";
		};
		B34CB5FD2C61C134008CD5F1 /* MangAppTests */ = {
			isa = PBXNativeTarget;
			buildConfigurationList = B34CB6152C61C134008CD5F1 /* Build configuration list for PBXNativeTarget "MangAppTests" */;
			buildPhases = (
				B34CB5FA2C61C134008CD5F1 /* Sources */,
				B34CB5FB2C61C134008CD5F1 /* Frameworks */,
				B34CB5FC2C61C134008CD5F1 /* Resources */,
			);
			buildRules = (
			);
			dependencies = (
				B34CB6002C61C134008CD5F1 /* PBXTargetDependency */,
			);
			fileSystemSynchronizedGroups = (
				B34CB6012C61C134008CD5F1 /* MangAppTests */,
			);
			name = MangAppTests;
			packageProductDependencies = (
			);
			productName = MangAppTests;
			productReference = B34CB5FE2C61C134008CD5F1 /* MangAppTests.xctest */;
			productType = "com.apple.product-type.bundle.unit-test";
		};
		B34CB6072C61C134008CD5F1 /* MangAppUITests */ = {
			isa = PBXNativeTarget;
			buildConfigurationList = B34CB6182C61C134008CD5F1 /* Build configuration list for PBXNativeTarget "MangAppUITests" */;
			buildPhases = (
				B34CB6042C61C134008CD5F1 /* Sources */,
				B34CB6052C61C134008CD5F1 /* Frameworks */,
				B34CB6062C61C134008CD5F1 /* Resources */,
			);
			buildRules = (
			);
			dependencies = (
				B34CB60A2C61C134008CD5F1 /* PBXTargetDependency */,
			);
			fileSystemSynchronizedGroups = (
				B34CB60B2C61C134008CD5F1 /* MangAppUITests */,
			);
			name = MangAppUITests;
			packageProductDependencies = (
			);
			productName = MangAppUITests;
			productReference = B34CB6082C61C134008CD5F1 /* MangAppUITests.xctest */;
			productType = "com.apple.product-type.bundle.ui-testing";
		};
/* End PBXNativeTarget section */

/* Begin PBXProject section */
		B34CB5E32C61C133008CD5F1 /* Project object */ = {
			isa = PBXProject;
			attributes = {
				BuildIndependentTargetsInParallel = 1;
				LastSwiftUpdateCheck = 1600;
				LastUpgradeCheck = 1600;
				TargetAttributes = {
					B34CB5EA2C61C133008CD5F1 = {
						CreatedOnToolsVersion = 16.0;
					};
					B34CB5FD2C61C134008CD5F1 = {
						CreatedOnToolsVersion = 16.0;
						TestTargetID = B34CB5EA2C61C133008CD5F1;
					};
					B34CB6072C61C134008CD5F1 = {
						CreatedOnToolsVersion = 16.0;
						TestTargetID = B34CB5EA2C61C133008CD5F1;
					};
				};
			};
			buildConfigurationList = B34CB5E62C61C133008CD5F1 /* Build configuration list for PBXProject "MangApp" */;
			compatibilityVersion = "Xcode 15.0";
			developmentRegion = en;
			hasScannedForEncodings = 0;
			knownRegions = (
				en,
				Base,
			);
			mainGroup = B34CB5E22C61C133008CD5F1;
			productRefGroup = B34CB5EC2C61C133008CD5F1 /* Products */;
			projectDirPath = "";
			projectRoot = "";
			targets = (
				B34CB5EA2C61C133008CD5F1 /* MangApp */,
				B34CB5FD2C61C134008CD5F1 /* MangAppTests */,
				B34CB6072C61C134008CD5F1 /* MangAppUITests */,
			);
		};
/* End PBXProject section */

/* Begin PBXResourcesBuildPhase section */
		B34CB5E92C61C133008CD5F1 /* Resources */ = {
			isa = PBXResourcesBuildPhase;
			buildActionMask = 2147483647;
			files = (
			);
			runOnlyForDeploymentPostprocessing = 0;
		};
		B34CB5FC2C61C134008CD5F1 /* Resources */ = {
			isa = PBXResourcesBuildPhase;
			buildActionMask = 2147483647;
			files = (
			);
			runOnlyForDeploymentPostprocessing = 0;
		};
		B34CB6062C61C134008CD5F1 /* Resources */ = {
			isa = PBXResourcesBuildPhase;
			buildActionMask = 2147483647;
			files = (
			);
			runOnlyForDeploymentPostprocessing = 0;
		};
/* End PBXResourcesBuildPhase section */

/* Begin PBXSourcesBuildPhase section */
		B34CB5E72C61C133008CD5F1 /* Sources */ = {
			isa = PBXSourcesBuildPhase;
			buildActionMask = 2147483647;
			files = (
			);
			runOnlyForDeploymentPostprocessing = 0;
		};
		B34CB5FA2C61C134008CD5F1 /* Sources */ = {
			isa = PBXSourcesBuildPhase;
			buildActionMask = 2147483647;
			files = (
			);
			runOnlyForDeploymentPostprocessing = 0;
		};
		B34CB6042C61C134008CD5F1 /* Sources */ = {
			isa = PBXSourcesBuildPhase;
			buildActionMask = 2147483647;
			files = (
			);
			runOnlyForDeploymentPostprocessing = 0;
		};
/* End PBXSourcesBuildPhase section */

/* Begin PBXTargetDependency section */
		B34CB6002C61C134008CD5F1 /* PBXTargetDependency */ = {
			isa = PBXTargetDependency;
			target = B34CB5EA2C61C133008CD5F1 /* MangApp */;
			targetProxy = B34CB5FF2C61C134008CD5F1 /* PBXContainerItemProxy */;
		};
		B34CB60A2C61C134008CD5F1 /* PBXTargetDependency */ = {
			isa = PBXTargetDependency;
			target = B34CB5EA2C61C133008CD5F1 /* MangApp */;
			targetProxy = B34CB6092C61C134008CD5F1 /* PBXContainerItemProxy */;
		};
/* End PBXTargetDependency section */

/* Begin XCBuildConfiguration section */
		B34CB6102C61C134008CD5F1 /* Debug */ = {
			isa = XCBuildConfiguration;
			baseConfigurationReferenceAnchor = B343C1152C68855C00DD9BF0 /* MangApp */;
			baseConfigurationReferenceRelativePath = Utilities/Config.xcconfig;
			buildSettings = {
				ALWAYS_SEARCH_USER_PATHS = NO;
				APP_TOKEN = "";
				ASSETCATALOG_COMPILER_GENERATE_SWIFT_ASSET_SYMBOL_EXTENSIONS = YES;
				CLANG_ANALYZER_NONNULL = YES;
				CLANG_ANALYZER_NUMBER_OBJECT_CONVERSION = YES_AGGRESSIVE;
				CLANG_CXX_LANGUAGE_STANDARD = "gnu++20";
				CLANG_ENABLE_MODULES = YES;
				CLANG_ENABLE_OBJC_ARC = YES;
				CLANG_ENABLE_OBJC_WEAK = YES;
				CLANG_WARN_BLOCK_CAPTURE_AUTORELEASING = YES;
				CLANG_WARN_BOOL_CONVERSION = YES;
				CLANG_WARN_COMMA = YES;
				CLANG_WARN_CONSTANT_CONVERSION = YES;
				CLANG_WARN_DEPRECATED_OBJC_IMPLEMENTATIONS = YES;
				CLANG_WARN_DIRECT_OBJC_ISA_USAGE = YES_ERROR;
				CLANG_WARN_DOCUMENTATION_COMMENTS = YES;
				CLANG_WARN_EMPTY_BODY = YES;
				CLANG_WARN_ENUM_CONVERSION = YES;
				CLANG_WARN_INFINITE_RECURSION = YES;
				CLANG_WARN_INT_CONVERSION = YES;
				CLANG_WARN_NON_LITERAL_NULL_CONVERSION = YES;
				CLANG_WARN_OBJC_IMPLICIT_RETAIN_SELF = YES;
				CLANG_WARN_OBJC_LITERAL_CONVERSION = YES;
				CLANG_WARN_OBJC_ROOT_CLASS = YES_ERROR;
				CLANG_WARN_QUOTED_INCLUDE_IN_FRAMEWORK_HEADER = YES;
				CLANG_WARN_RANGE_LOOP_ANALYSIS = YES;
				CLANG_WARN_STRICT_PROTOTYPES = YES;
				CLANG_WARN_SUSPICIOUS_MOVE = YES;
				CLANG_WARN_UNGUARDED_AVAILABILITY = YES_AGGRESSIVE;
				CLANG_WARN_UNREACHABLE_CODE = YES;
				CLANG_WARN__DUPLICATE_METHOD_MATCH = YES;
				COPY_PHASE_STRIP = NO;
				DEBUG_INFORMATION_FORMAT = dwarf;
				ENABLE_STRICT_OBJC_MSGSEND = YES;
				ENABLE_TESTABILITY = YES;
				ENABLE_USER_SCRIPT_SANDBOXING = YES;
				GCC_C_LANGUAGE_STANDARD = gnu17;
				GCC_DYNAMIC_NO_PIC = NO;
				GCC_NO_COMMON_BLOCKS = YES;
				GCC_OPTIMIZATION_LEVEL = 0;
				GCC_PREPROCESSOR_DEFINITIONS = (
					"DEBUG=1",
					"$(inherited)",
				);
				GCC_WARN_64_TO_32_BIT_CONVERSION = YES;
				GCC_WARN_ABOUT_RETURN_TYPE = YES_ERROR;
				GCC_WARN_UNDECLARED_SELECTOR = YES;
				GCC_WARN_UNINITIALIZED_AUTOS = YES_AGGRESSIVE;
				GCC_WARN_UNUSED_FUNCTION = YES;
				GCC_WARN_UNUSED_VARIABLE = YES;
				LOCALIZATION_PREFERS_STRING_CATALOGS = YES;
				MTL_ENABLE_DEBUG_INFO = INCLUDE_SOURCE;
				MTL_FAST_MATH = YES;
				ONLY_ACTIVE_ARCH = YES;
				SWIFT_ACTIVE_COMPILATION_CONDITIONS = "DEBUG $(inherited)";
				SWIFT_OPTIMIZATION_LEVEL = "-Onone";
			};
			name = Debug;
		};
		B34CB6112C61C134008CD5F1 /* Release */ = {
			isa = XCBuildConfiguration;
			baseConfigurationReferenceAnchor = B343C1152C68855C00DD9BF0 /* MangApp */;
			baseConfigurationReferenceRelativePath = Utilities/Config.xcconfig;
			buildSettings = {
				ALWAYS_SEARCH_USER_PATHS = NO;
				APP_TOKEN = "";
				ASSETCATALOG_COMPILER_GENERATE_SWIFT_ASSET_SYMBOL_EXTENSIONS = YES;
				CLANG_ANALYZER_NONNULL = YES;
				CLANG_ANALYZER_NUMBER_OBJECT_CONVERSION = YES_AGGRESSIVE;
				CLANG_CXX_LANGUAGE_STANDARD = "gnu++20";
				CLANG_ENABLE_MODULES = YES;
				CLANG_ENABLE_OBJC_ARC = YES;
				CLANG_ENABLE_OBJC_WEAK = YES;
				CLANG_WARN_BLOCK_CAPTURE_AUTORELEASING = YES;
				CLANG_WARN_BOOL_CONVERSION = YES;
				CLANG_WARN_COMMA = YES;
				CLANG_WARN_CONSTANT_CONVERSION = YES;
				CLANG_WARN_DEPRECATED_OBJC_IMPLEMENTATIONS = YES;
				CLANG_WARN_DIRECT_OBJC_ISA_USAGE = YES_ERROR;
				CLANG_WARN_DOCUMENTATION_COMMENTS = YES;
				CLANG_WARN_EMPTY_BODY = YES;
				CLANG_WARN_ENUM_CONVERSION = YES;
				CLANG_WARN_INFINITE_RECURSION = YES;
				CLANG_WARN_INT_CONVERSION = YES;
				CLANG_WARN_NON_LITERAL_NULL_CONVERSION = YES;
				CLANG_WARN_OBJC_IMPLICIT_RETAIN_SELF = YES;
				CLANG_WARN_OBJC_LITERAL_CONVERSION = YES;
				CLANG_WARN_OBJC_ROOT_CLASS = YES_ERROR;
				CLANG_WARN_QUOTED_INCLUDE_IN_FRAMEWORK_HEADER = YES;
				CLANG_WARN_RANGE_LOOP_ANALYSIS = YES;
				CLANG_WARN_STRICT_PROTOTYPES = YES;
				CLANG_WARN_SUSPICIOUS_MOVE = YES;
				CLANG_WARN_UNGUARDED_AVAILABILITY = YES_AGGRESSIVE;
				CLANG_WARN_UNREACHABLE_CODE = YES;
				CLANG_WARN__DUPLICATE_METHOD_MATCH = YES;
				COPY_PHASE_STRIP = NO;
				DEBUG_INFORMATION_FORMAT = "dwarf-with-dsym";
				ENABLE_NS_ASSERTIONS = NO;
				ENABLE_STRICT_OBJC_MSGSEND = YES;
				ENABLE_USER_SCRIPT_SANDBOXING = YES;
				GCC_C_LANGUAGE_STANDARD = gnu17;
				GCC_NO_COMMON_BLOCKS = YES;
				GCC_WARN_64_TO_32_BIT_CONVERSION = YES;
				GCC_WARN_ABOUT_RETURN_TYPE = YES_ERROR;
				GCC_WARN_UNDECLARED_SELECTOR = YES;
				GCC_WARN_UNINITIALIZED_AUTOS = YES_AGGRESSIVE;
				GCC_WARN_UNUSED_FUNCTION = YES;
				GCC_WARN_UNUSED_VARIABLE = YES;
				LOCALIZATION_PREFERS_STRING_CATALOGS = YES;
				MTL_ENABLE_DEBUG_INFO = NO;
				MTL_FAST_MATH = YES;
				SWIFT_COMPILATION_MODE = wholemodule;
			};
			name = Release;
		};
		B34CB6132C61C134008CD5F1 /* Debug */ = {
			isa = XCBuildConfiguration;
			buildSettings = {
				ASSETCATALOG_COMPILER_APPICON_NAME = AppIcon;
				ASSETCATALOG_COMPILER_GLOBAL_ACCENT_COLOR_NAME = AccentColor;
				CODE_SIGN_ENTITLEMENTS = "MangApp/Utilities/Assets + Entitlements/MangApp.entitlements";
				CODE_SIGN_STYLE = Automatic;
				CURRENT_PROJECT_VERSION = 1;
				DEVELOPMENT_ASSET_PATHS = "\"MangApp/Preview Content\"";
				DEVELOPMENT_TEAM = R27L3GB44P;
				ENABLE_HARDENED_RUNTIME = YES;
				ENABLE_PREVIEWS = YES;
				GENERATE_INFOPLIST_FILE = YES;
				INFOPLIST_KEY_LSApplicationCategoryType = "public.app-category.books";
				"INFOPLIST_KEY_UIApplicationSceneManifest_Generation[sdk=iphoneos*]" = YES;
				"INFOPLIST_KEY_UIApplicationSceneManifest_Generation[sdk=iphonesimulator*]" = YES;
				"INFOPLIST_KEY_UIApplicationSupportsIndirectInputEvents[sdk=iphoneos*]" = YES;
				"INFOPLIST_KEY_UIApplicationSupportsIndirectInputEvents[sdk=iphonesimulator*]" = YES;
				"INFOPLIST_KEY_UILaunchScreen_Generation[sdk=iphoneos*]" = YES;
				"INFOPLIST_KEY_UILaunchScreen_Generation[sdk=iphonesimulator*]" = YES;
				"INFOPLIST_KEY_UIStatusBarStyle[sdk=iphoneos*]" = UIStatusBarStyleDefault;
				"INFOPLIST_KEY_UIStatusBarStyle[sdk=iphonesimulator*]" = UIStatusBarStyleDefault;
				INFOPLIST_KEY_UISupportedInterfaceOrientations_iPad = "UIInterfaceOrientationPortrait UIInterfaceOrientationPortraitUpsideDown UIInterfaceOrientationLandscapeLeft UIInterfaceOrientationLandscapeRight";
				INFOPLIST_KEY_UISupportedInterfaceOrientations_iPhone = "UIInterfaceOrientationPortrait UIInterfaceOrientationLandscapeLeft UIInterfaceOrientationLandscapeRight";
				IPHONEOS_DEPLOYMENT_TARGET = 17.0;
				LD_RUNPATH_SEARCH_PATHS = "@executable_path/Frameworks";
				"LD_RUNPATH_SEARCH_PATHS[sdk=macosx*]" = "@executable_path/../Frameworks";
				MACOSX_DEPLOYMENT_TARGET = 14.0;
				MARKETING_VERSION = 1.0;
				PRODUCT_BUNDLE_IDENTIFIER = com.moisesCordova.MangApp;
				PRODUCT_NAME = "$(TARGET_NAME)";
				SDKROOT = auto;
				SUPPORTED_PLATFORMS = "iphoneos iphonesimulator macosx xros xrsimulator";
				SWIFT_EMIT_LOC_STRINGS = YES;
				SWIFT_VERSION = 5.0;
				TARGETED_DEVICE_FAMILY = "1,2,7";
				XROS_DEPLOYMENT_TARGET = 1.0;
			};
			name = Debug;
		};
		B34CB6142C61C134008CD5F1 /* Release */ = {
			isa = XCBuildConfiguration;
			buildSettings = {
				ASSETCATALOG_COMPILER_APPICON_NAME = AppIcon;
				ASSETCATALOG_COMPILER_GLOBAL_ACCENT_COLOR_NAME = AccentColor;
				CODE_SIGN_ENTITLEMENTS = "MangApp/Utilities/Assets + Entitlements/MangApp.entitlements";
				CODE_SIGN_STYLE = Automatic;
				CURRENT_PROJECT_VERSION = 1;
				DEVELOPMENT_ASSET_PATHS = "\"MangApp/Preview Content\"";
				DEVELOPMENT_TEAM = R27L3GB44P;
				ENABLE_HARDENED_RUNTIME = YES;
				ENABLE_PREVIEWS = YES;
				GENERATE_INFOPLIST_FILE = YES;
				INFOPLIST_KEY_LSApplicationCategoryType = "public.app-category.books";
				"INFOPLIST_KEY_UIApplicationSceneManifest_Generation[sdk=iphoneos*]" = YES;
				"INFOPLIST_KEY_UIApplicationSceneManifest_Generation[sdk=iphonesimulator*]" = YES;
				"INFOPLIST_KEY_UIApplicationSupportsIndirectInputEvents[sdk=iphoneos*]" = YES;
				"INFOPLIST_KEY_UIApplicationSupportsIndirectInputEvents[sdk=iphonesimulator*]" = YES;
				"INFOPLIST_KEY_UILaunchScreen_Generation[sdk=iphoneos*]" = YES;
				"INFOPLIST_KEY_UILaunchScreen_Generation[sdk=iphonesimulator*]" = YES;
				"INFOPLIST_KEY_UIStatusBarStyle[sdk=iphoneos*]" = UIStatusBarStyleDefault;
				"INFOPLIST_KEY_UIStatusBarStyle[sdk=iphonesimulator*]" = UIStatusBarStyleDefault;
				INFOPLIST_KEY_UISupportedInterfaceOrientations_iPad = "UIInterfaceOrientationPortrait UIInterfaceOrientationPortraitUpsideDown UIInterfaceOrientationLandscapeLeft UIInterfaceOrientationLandscapeRight";
				INFOPLIST_KEY_UISupportedInterfaceOrientations_iPhone = "UIInterfaceOrientationPortrait UIInterfaceOrientationLandscapeLeft UIInterfaceOrientationLandscapeRight";
				IPHONEOS_DEPLOYMENT_TARGET = 17.0;
				LD_RUNPATH_SEARCH_PATHS = "@executable_path/Frameworks";
				"LD_RUNPATH_SEARCH_PATHS[sdk=macosx*]" = "@executable_path/../Frameworks";
				MACOSX_DEPLOYMENT_TARGET = 14.0;
				MARKETING_VERSION = 1.0;
				PRODUCT_BUNDLE_IDENTIFIER = com.moisesCordova.MangApp;
				PRODUCT_NAME = "$(TARGET_NAME)";
				SDKROOT = auto;
				SUPPORTED_PLATFORMS = "iphoneos iphonesimulator macosx xros xrsimulator";
				SWIFT_EMIT_LOC_STRINGS = YES;
				SWIFT_VERSION = 5.0;
				TARGETED_DEVICE_FAMILY = "1,2,7";
				XROS_DEPLOYMENT_TARGET = 1.0;
			};
			name = Release;
		};
		B34CB6162C61C134008CD5F1 /* Debug */ = {
			isa = XCBuildConfiguration;
			buildSettings = {
				BUNDLE_LOADER = "$(TEST_HOST)";
				CODE_SIGN_STYLE = Automatic;
				CURRENT_PROJECT_VERSION = 1;
				DEVELOPMENT_TEAM = R27L3GB44P;
				GENERATE_INFOPLIST_FILE = YES;
				IPHONEOS_DEPLOYMENT_TARGET = 18.0;
				MACOSX_DEPLOYMENT_TARGET = 15.0;
				MARKETING_VERSION = 1.0;
				PRODUCT_BUNDLE_IDENTIFIER = com.moisesCordova.MangAppTests;
				PRODUCT_NAME = "$(TARGET_NAME)";
				SDKROOT = auto;
				SUPPORTED_PLATFORMS = "iphoneos iphonesimulator macosx xros xrsimulator";
				SWIFT_EMIT_LOC_STRINGS = NO;
				SWIFT_VERSION = 5.0;
				TARGETED_DEVICE_FAMILY = "1,2,7";
				TEST_HOST = "$(BUILT_PRODUCTS_DIR)/MangApp.app/$(BUNDLE_EXECUTABLE_FOLDER_PATH)/MangApp";
				XROS_DEPLOYMENT_TARGET = 2.0;
			};
			name = Debug;
		};
		B34CB6172C61C134008CD5F1 /* Release */ = {
			isa = XCBuildConfiguration;
			buildSettings = {
				BUNDLE_LOADER = "$(TEST_HOST)";
				CODE_SIGN_STYLE = Automatic;
				CURRENT_PROJECT_VERSION = 1;
				DEVELOPMENT_TEAM = R27L3GB44P;
				GENERATE_INFOPLIST_FILE = YES;
				IPHONEOS_DEPLOYMENT_TARGET = 18.0;
				MACOSX_DEPLOYMENT_TARGET = 15.0;
				MARKETING_VERSION = 1.0;
				PRODUCT_BUNDLE_IDENTIFIER = com.moisesCordova.MangAppTests;
				PRODUCT_NAME = "$(TARGET_NAME)";
				SDKROOT = auto;
				SUPPORTED_PLATFORMS = "iphoneos iphonesimulator macosx xros xrsimulator";
				SWIFT_EMIT_LOC_STRINGS = NO;
				SWIFT_VERSION = 5.0;
				TARGETED_DEVICE_FAMILY = "1,2,7";
				TEST_HOST = "$(BUILT_PRODUCTS_DIR)/MangApp.app/$(BUNDLE_EXECUTABLE_FOLDER_PATH)/MangApp";
				XROS_DEPLOYMENT_TARGET = 2.0;
			};
			name = Release;
		};
		B34CB6192C61C134008CD5F1 /* Debug */ = {
			isa = XCBuildConfiguration;
			buildSettings = {
				CODE_SIGN_STYLE = Automatic;
				CURRENT_PROJECT_VERSION = 1;
				DEVELOPMENT_TEAM = R27L3GB44P;
				GENERATE_INFOPLIST_FILE = YES;
				IPHONEOS_DEPLOYMENT_TARGET = 18.0;
				MACOSX_DEPLOYMENT_TARGET = 15.0;
				MARKETING_VERSION = 1.0;
				PRODUCT_BUNDLE_IDENTIFIER = com.moisesCordova.MangAppUITests;
				PRODUCT_NAME = "$(TARGET_NAME)";
				SDKROOT = auto;
				SUPPORTED_PLATFORMS = "iphoneos iphonesimulator macosx xros xrsimulator";
				SWIFT_EMIT_LOC_STRINGS = NO;
				SWIFT_VERSION = 5.0;
				TARGETED_DEVICE_FAMILY = "1,2,7";
				TEST_TARGET_NAME = MangApp;
				XROS_DEPLOYMENT_TARGET = 2.0;
			};
			name = Debug;
		};
		B34CB61A2C61C134008CD5F1 /* Release */ = {
			isa = XCBuildConfiguration;
			buildSettings = {
				CODE_SIGN_STYLE = Automatic;
				CURRENT_PROJECT_VERSION = 1;
				DEVELOPMENT_TEAM = R27L3GB44P;
				GENERATE_INFOPLIST_FILE = YES;
				IPHONEOS_DEPLOYMENT_TARGET = 18.0;
				MACOSX_DEPLOYMENT_TARGET = 15.0;
				MARKETING_VERSION = 1.0;
				PRODUCT_BUNDLE_IDENTIFIER = com.moisesCordova.MangAppUITests;
				PRODUCT_NAME = "$(TARGET_NAME)";
				SDKROOT = auto;
				SUPPORTED_PLATFORMS = "iphoneos iphonesimulator macosx xros xrsimulator";
				SWIFT_EMIT_LOC_STRINGS = NO;
				SWIFT_VERSION = 5.0;
				TARGETED_DEVICE_FAMILY = "1,2,7";
				TEST_TARGET_NAME = MangApp;
				XROS_DEPLOYMENT_TARGET = 2.0;
			};
			name = Release;
		};
/* End XCBuildConfiguration section */

/* Begin XCConfigurationList section */
		B34CB5E62C61C133008CD5F1 /* Build configuration list for PBXProject "MangApp" */ = {
			isa = XCConfigurationList;
			buildConfigurations = (
				B34CB6102C61C134008CD5F1 /* Debug */,
				B34CB6112C61C134008CD5F1 /* Release */,
			);
			defaultConfigurationIsVisible = 0;
			defaultConfigurationName = Release;
		};
		B34CB6122C61C134008CD5F1 /* Build configuration list for PBXNativeTarget "MangApp" */ = {
			isa = XCConfigurationList;
			buildConfigurations = (
				B34CB6132C61C134008CD5F1 /* Debug */,
				B34CB6142C61C134008CD5F1 /* Release */,
			);
			defaultConfigurationIsVisible = 0;
			defaultConfigurationName = Release;
		};
		B34CB6152C61C134008CD5F1 /* Build configuration list for PBXNativeTarget "MangAppTests" */ = {
			isa = XCConfigurationList;
			buildConfigurations = (
				B34CB6162C61C134008CD5F1 /* Debug */,
				B34CB6172C61C134008CD5F1 /* Release */,
			);
			defaultConfigurationIsVisible = 0;
			defaultConfigurationName = Release;
		};
		B34CB6182C61C134008CD5F1 /* Build configuration list for PBXNativeTarget "MangAppUITests" */ = {
			isa = XCConfigurationList;
			buildConfigurations = (
				B34CB6192C61C134008CD5F1 /* Debug */,
				B34CB61A2C61C134008CD5F1 /* Release */,
			);
			defaultConfigurationIsVisible = 0;
			defaultConfigurationName = Release;
		};
/* End XCConfigurationList section */
	};
	rootObject = B34CB5E32C61C133008CD5F1 /* Project object */;
}
